{
  "originHash" : "3bdab1166b9f069e7b6a551ccce2f301e8fbd6ace517294c18dcd406f6817f6c",
  "pins" : [
    {
      "identity" : "kingfisher",
      "kind" : "remoteSourceControl",
      "location" : "https://github.com/onevcat/Kingfisher.git",
      "state" : {
        "revision" : "b450a3b30e0767277a6eed7e02dbdebd7d173da0",
        "version" : "8.3.0"
      }
    }
  ],
  "version" : 3
}
